
Microsoft Visual Studio Solution File, Format Version 12.00
# Visual Studio Version 17
VisualStudioVersion = 17.14.36717.8 d17.14
MinimumVisualStudioVersion = 10.0.40219.1
Project("{FAE04EC0-301F-11D3-BF4B-00C04F79EFBC}") = "altv spoofer", "altv spoofer\altv spoofer.csproj", "{6F055E11-DC6C-408E-83BD-A599A7795D50}"
EndProject
Global
	GlobalSection(SolutionConfigurationPlatforms) = preSolution
		Debug|Any CPU = Debug|Any CPU
		Release|Any CPU = Release|Any CPU
	EndGlobalSection
	GlobalSection(ProjectConfigurationPlatforms) = postSolution
		{6F055E11-DC6C-408E-83BD-A599A7795D50}.Debug|Any CPU.ActiveCfg = Debug|Any CPU
		{6F055E11-DC6C-408E-83BD-A599A7795D50}.Debug|Any CPU.Build.0 = Debug|Any CPU
		{6F055E11-DC6C-408E-83BD-A599A7795D50}.Release|Any CPU.ActiveCfg = Release|Any CPU
		{6F055E11-DC6C-408E-83BD-A599A7795D50}.Release|Any CPU.Build.0 = Release|Any CPU
	EndGlobalSection
	GlobalSection(SolutionProperties) = preSolution
		HideSolutionNode = FALSE
	EndGlobalSection
	GlobalSection(ExtensibilityGlobals) = postSolution
		SolutionGuid = {83CF207F-AF66-47C9-99E2-31392B55A8DF}
	EndGlobalSection
EndGlobal
